
Microsoft Visual Studio Solution File, Format Version 12.00
# Visual Studio 2012
Project("{FAE04EC0-301F-11D3-BF4B-00C04F79EFBC}") = "WindowsFormsApplication6", "WindowsFormsApplication6\WindowsFormsApplication6.csproj", "{7088BB98-C95B-4AA0-AE19-D64C9BA21B48}"
EndProject
Global
	GlobalSection(SolutionConfigurationPlatforms) = preSolution
		Debug|Any CPU = Debug|Any CPU
		Release|Any CPU = Release|Any CPU
	EndGlobalSection
	GlobalSection(ProjectConfigurationPlatforms) = postSolution
		{7088BB98-C95B-4AA0-AE19-D64C9BA21B48}.Debug|Any CPU.ActiveCfg = Debug|Any CPU
		{7088BB98-C95B-4AA0-AE19-D64C9BA21B48}.Debug|Any CPU.Build.0 = Debug|Any CPU
		{7088BB98-C95B-4AA0-AE19-D64C9BA21B48}.Release|Any CPU.ActiveCfg = Release|Any CPU
		{7088BB98-C95B-4AA0-AE19-D64C9BA21B48}.Release|Any CPU.Build.0 = Release|Any CPU
	EndGlobalSection
	GlobalSection(SolutionProperties) = preSolution
		HideSolutionNode = FALSE
	EndGlobalSection
EndGlobal
