
Microsoft Visual Studio Solution File, Format Version 12.00
# Visual Studio 2012
Project("{FAE04EC0-301F-11D3-BF4B-00C04F79EFBC}") = "WindowsFormsApplication2", "WindowsFormsApplication2\WindowsFormsApplication2.csproj", "{14E82887-AE49-4B8D-8B6C-E2B7696790B2}"
EndProject
Global
	GlobalSection(SolutionConfigurationPlatforms) = preSolution
		Debug|Any CPU = Debug|Any CPU
		Release|Any CPU = Release|Any CPU
	EndGlobalSection
	GlobalSection(ProjectConfigurationPlatforms) = postSolution
		{14E82887-AE49-4B8D-8B6C-E2B7696790B2}.Debug|Any CPU.ActiveCfg = Debug|Any CPU
		{14E82887-AE49-4B8D-8B6C-E2B7696790B2}.Debug|Any CPU.Build.0 = Debug|Any CPU
		{14E82887-AE49-4B8D-8B6C-E2B7696790B2}.Release|Any CPU.ActiveCfg = Release|Any CPU
		{14E82887-AE49-4B8D-8B6C-E2B7696790B2}.Release|Any CPU.Build.0 = Release|Any CPU
	EndGlobalSection
	GlobalSection(SolutionProperties) = preSolution
		HideSolutionNode = FALSE
	EndGlobalSection
EndGlobal
